{
  "name": "pay-connect",
  "version": "0.2.1",
  "lockfileVersion": 3,
  "requires": true,
  "packages": {
    "": {
      "name": "pay-connect",
      "version": "0.2.1",
      "license": "MIT",
      "dependencies": {
        "@google-pay/button-element": "^3.1.0",
        "@paypal/paypal-js": "^8.2.0",
        "@types/googlepay": "^0.7.6"
      },
      "devDependencies": {
        "@types/node": "^22.13.1"
      }
    },
    "../../node_modules/.pnpm/@google-pay+button-element@3.1.0/node_modules/@google-pay/button-element": {
      "version": "3.1.0",
      "license": "Apache-2.0",
      "dependencies": {
        "@types/googlepay": "^0.7.0"
      },
      "engines": {
        "node": ">=8.0.0"
      }
    },
    "../../node_modules/.pnpm/@paypal+paypal-js@8.2.0/node_modules/@paypal/paypal-js": {
      "version": "8.2.0",
      "license": "Apache-2.0",
      "dependencies": {
        "promise-polyfill": "^8.3.0"
      },
      "devDependencies": {
        "@commitlint/cli": "18.4.3",
        "@commitlint/config-conventional": "18.4.3",
        "@paypal/paypal-rest-api-specifications": "^1.0.0",
        "@playwright/test": "^1.40.1",
        "@rollup/plugin-commonjs": "25.0.7",
        "@rollup/plugin-node-resolve": "15.2.3",
        "@rollup/plugin-replace": "5.0.5",
        "@rollup/plugin-terser": "^0.4.4",
        "@rollup/plugin-typescript": "11.1.5",
        "@types/node": "^20.10.5",
        "@types/promise-polyfill": "6.0.6",
        "@typescript-eslint/eslint-plugin": "6.15.0",
        "@typescript-eslint/parser": "6.15.0",
        "@vitest/coverage-v8": "^1.1.0",
        "eslint": "8.56.0",
        "filesize": "10.1.0",
        "husky": "8.0.3",
        "jsdom": "^23.0.1",
        "lint-staged": "15.2.0",
        "openapi-typescript": "^6.7.3",
        "rollup": "4.9.1",
        "semver": "7.5.4",
        "standard-version": "9.5.0",
        "tslib": "2.6.2",
        "typescript": "5.3.3",
        "vitest": "1.1.0"
      }
    },
    "../../node_modules/.pnpm/@types+node@22.13.1/node_modules/@types/node": {
      "version": "22.13.1",
      "dev": true,
      "license": "MIT",
      "dependencies": {
        "undici-types": "~6.20.0"
      }
    },
    "node_modules/@google-pay/button-element": {
      "resolved": "../../node_modules/.pnpm/@google-pay+button-element@3.1.0/node_modules/@google-pay/button-element",
      "link": true
    },
    "node_modules/@paypal/paypal-js": {
      "resolved": "../../node_modules/.pnpm/@paypal+paypal-js@8.2.0/node_modules/@paypal/paypal-js",
      "link": true
    },
    "node_modules/@types/googlepay": {
      "version": "0.7.6",
      "resolved": "https://registry.npmjs.org/@types/googlepay/-/googlepay-0.7.6.tgz",
      "integrity": "sha512-5003wG+qvf4Ktf1hC9IJuRakNzQov00+Xf09pAWGJLpdOjUrq0SSLCpXX7pwSeTG9r5hrdzq1iFyZcW7WVyr4g==",
      "license": "MIT"
    },
    "node_modules/@types/node": {
      "resolved": "../../node_modules/.pnpm/@types+node@22.13.1/node_modules/@types/node",
      "link": true
    }
  }
}
